{
  "nodes": {
    "flake-utils": {
      "locked": {
        "lastModified": 1604964167,
        "narHash": "sha256-+mTmiCD29wecyDaGlbeWpvnysBygagl9FdMVfdU0RTM=",
        "owner": "numtide",
        "repo": "flake-utils",
        "rev": "af81e8d00b2cd021d8806104f14d66ae429dc2f7",
        "type": "github"
      },
      "original": {
        "owner": "numtide",
        "repo": "flake-utils",
        "type": "github"
      }
    },
    "nix-misc": {
      "inputs": {
        "nixpkgs": [
          "nixpkgs"
        ]
      },
      "locked": {
        "lastModified": 1596783463,
        "narHash": "sha256-Fucbc/QUYrDBFRo1aau59Qe8feHhru76vaNLWpWQelI=",
        "owner": "johnae",
        "repo": "nix-misc",
        "rev": "0da4fdf62e9273205c8c773101ad36fc67215d87",
        "type": "github"
      },
      "original": {
        "owner": "johnae",
        "repo": "nix-misc",
        "type": "github"
      }
    },
    "nixpkgs": {
      "locked": {
        "lastModified": 1604937552,
        "narHash": "sha256-jT1VSLaUtZwx1JXOwEqzf+G6OIVcg9gJd+h0DqRGJvs=",
        "path": "/nix/store/nz7q4ijnah67x6h2zq1wdrg4gc2vi1d6-source",
        "rev": "b839d4a8557adc80e522f674529e586ab2a88d23",
        "type": "path"
      },
      "original": {
        "id": "nixpkgs",
        "type": "indirect"
      }
    },
    "root": {
      "inputs": {
        "flake-utils": "flake-utils",
        "nix-misc": "nix-misc",
        "nixpkgs": "nixpkgs"
      }
    }
  },
  "root": "root",
  "version": 7
}
