{
  "nodes": {
    "devshell": {
      "locked": {
        "lastModified": 1603394213,
        "narHash": "sha256-JoZrmyhQ9KCRXBt1CwRTn2L4SwbUryNWpERU/ILlQ3g=",
        "owner": "numtide",
        "repo": "devshell",
        "rev": "0d44c41e670d0ef700c42006acac30ae91ecf9a2",
        "type": "github"
      },
      "original": {
        "owner": "numtide",
        "repo": "devshell",
        "type": "github"
      }
    },
    "flake-utils": {
      "locked": {
        "lastModified": 1601282935,
        "narHash": "sha256-WQAFV6sGGQxrRs3a+/Yj9xUYvhTpukQJIcMbIi7LCJ4=",
        "owner": "numtide",
        "repo": "flake-utils",
        "rev": "588973065fce51f4763287f0fda87a174d78bf48",
        "type": "github"
      },
      "original": {
        "owner": "numtide",
        "repo": "flake-utils",
        "type": "github"
      }
    },
    "nix-misc": {
      "inputs": {
        "nixpkgs": [
          "nixpkgs"
        ]
      },
      "locked": {
        "lastModified": 1596783463,
        "narHash": "sha256-Fucbc/QUYrDBFRo1aau59Qe8feHhru76vaNLWpWQelI=",
        "owner": "johnae",
        "repo": "nix-misc",
        "rev": "0da4fdf62e9273205c8c773101ad36fc67215d87",
        "type": "github"
      },
      "original": {
        "owner": "johnae",
        "repo": "nix-misc",
        "type": "github"
      }
    },
    "nixpkgs": {
      "locked": {
        "lastModified": 1604369895,
        "narHash": "sha256-uB/ihiWdfTjVQ9sKdtj6xeyvb41uC2J4MXiOLkwJccs=",
        "path": "/nix/store/fc0yfc2x1f3v15nvfrxxkn80llliixm5-source",
        "rev": "34ad166a830d3ac1541dcce571c52231f2f0865a",
        "type": "path"
      },
      "original": {
        "id": "nixpkgs",
        "type": "indirect"
      }
    },
    "root": {
      "inputs": {
        "devshell": "devshell",
        "flake-utils": "flake-utils",
        "nix-misc": "nix-misc",
        "nixpkgs": "nixpkgs"
      }
    }
  },
  "root": "root",
  "version": 7
}
